{
	"name": "f-script",
	"version": "1.0.0",
	"lockfileVersion": 3,
	"requires": true,
	"packages": {
		"": {
			"name": "f-script",
			"version": "1.0.0",
			"license": "ISC",
			"dependencies": {
				"path-browserify": "^1.0.1"
			},
			"devDependencies": {
				"@types/node": "^20.8.7"
			}
		},
		"node_modules/@types/node": {
			"version": "20.8.7",
			"resolved": "https://registry.npmjs.org/@types/node/-/node-20.8.7.tgz",
			"integrity": "sha512-21TKHHh3eUHIi2MloeptJWALuCu5H7HQTdTrWIFReA8ad+aggoX+lRes3ex7/FtpC+sVUpFMQ+QTfYr74mruiQ==",
			"dev": true,
			"dependencies": {
				"undici-types": "~5.25.1"
			}
		},
		"node_modules/path-browserify": {
			"version": "1.0.1",
			"resolved": "https://registry.npmjs.org/path-browserify/-/path-browserify-1.0.1.tgz",
			"integrity": "sha512-b7uo2UCUOYZcnF/3ID0lulOJi/bafxa1xPe7ZPsammBSpjSWQkjNxlt635YGS2MiR9GjvuXCtz2emr3jbsz98g=="
		},
		"node_modules/undici-types": {
			"version": "5.25.3",
			"resolved": "https://registry.npmjs.org/undici-types/-/undici-types-5.25.3.tgz",
			"integrity": "sha512-Ga1jfYwRn7+cP9v8auvEXN1rX3sWqlayd4HP7OKk4mZWylEmu3KzXDUGrQUN6Ol7qo1gPvB2e5gX6udnyEPgdA==",
			"dev": true
		}
	}
}
